
Microsoft Visual Studio Solution File, Format Version 12.00
# Visual Studio Version 16
VisualStudioVersion = 16.0.30204.135
MinimumVisualStudioVersion = 10.0.40219.1
Project("{9A19103F-16F7-4668-BE54-9A1E7A4F7556}") = "PlotlyDotnet", "PlotlyDotnet\PlotlyDotnet.csproj", "{7E9AA401-DB55-4E65-8CBF-1DE6D95A7557}"
EndProject
Project("{9A19103F-16F7-4668-BE54-9A1E7A4F7556}") = "Test", "Test\Test.csproj", "{6AE159E9-C333-4FD9-A476-EBDBEAF35AE1}"
EndProject
Global
	GlobalSection(SolutionConfigurationPlatforms) = preSolution
		Debug|Any CPU = Debug|Any CPU
		Release|Any CPU = Release|Any CPU
	EndGlobalSection
	GlobalSection(ProjectConfigurationPlatforms) = postSolution
		{7E9AA401-DB55-4E65-8CBF-1DE6D95A7557}.Debug|Any CPU.ActiveCfg = Debug|Any CPU
		{7E9AA401-DB55-4E65-8CBF-1DE6D95A7557}.Debug|Any CPU.Build.0 = Debug|Any CPU
		{7E9AA401-DB55-4E65-8CBF-1DE6D95A7557}.Release|Any CPU.ActiveCfg = Release|Any CPU
		{7E9AA401-DB55-4E65-8CBF-1DE6D95A7557}.Release|Any CPU.Build.0 = Release|Any CPU
		{6AE159E9-C333-4FD9-A476-EBDBEAF35AE1}.Debug|Any CPU.ActiveCfg = Debug|Any CPU
		{6AE159E9-C333-4FD9-A476-EBDBEAF35AE1}.Debug|Any CPU.Build.0 = Debug|Any CPU
		{6AE159E9-C333-4FD9-A476-EBDBEAF35AE1}.Release|Any CPU.ActiveCfg = Release|Any CPU
		{6AE159E9-C333-4FD9-A476-EBDBEAF35AE1}.Release|Any CPU.Build.0 = Release|Any CPU
	EndGlobalSection
	GlobalSection(SolutionProperties) = preSolution
		HideSolutionNode = FALSE
	EndGlobalSection
	GlobalSection(ExtensibilityGlobals) = postSolution
		SolutionGuid = {A17819A2-E7D7-47C7-B577-67022CB426FE}
	EndGlobalSection
EndGlobal
